// !$*UTF8*$!
{
	archiveVersion = 1;
	classes = {
	};
	objectVersion = 46;
	objects = {

/* Begin PBXBuildFile section */
		1929011F145654CB00CB101A /* OpenCVTestApp.1 in CopyFiles */ = {isa = PBXBuildFile; fileRef = 1929011E145654CB00CB101A /* OpenCVTestApp.1 */; };
		192901331456557100CB101A /* libopencv_calib3d.2.3.1.dylib in Frameworks */ = {isa = PBXBuildFile; fileRef = 192901261456557100CB101A /* libopencv_calib3d.2.3.1.dylib */; };
		192901341456557100CB101A /* libopencv_contrib.2.3.1.dylib in Frameworks */ = {isa = PBXBuildFile; fileRef = 192901271456557100CB101A /* libopencv_contrib.2.3.1.dylib */; };
		192901351456557100CB101A /* libopencv_core.2.3.1.dylib in Frameworks */ = {isa = PBXBuildFile; fileRef = 192901281456557100CB101A /* libopencv_core.2.3.1.dylib */; };
		192901361456557100CB101A /* libopencv_features2d.2.3.1.dylib in Frameworks */ = {isa = PBXBuildFile; fileRef = 192901291456557100CB101A /* libopencv_features2d.2.3.1.dylib */; };
		192901371456557100CB101A /* libopencv_flann.2.3.1.dylib in Frameworks */ = {isa = PBXBuildFile; fileRef = 1929012A1456557100CB101A /* libopencv_flann.2.3.1.dylib */; };
		192901381456557100CB101A /* libopencv_gpu.2.3.1.dylib in Frameworks */ = {isa = PBXBuildFile; fileRef = 1929012B1456557100CB101A /* libopencv_gpu.2.3.1.dylib */; };
		192901391456557100CB101A /* libopencv_highgui.2.3.1.dylib in Frameworks */ = {isa = PBXBuildFile; fileRef = 1929012C1456557100CB101A /* libopencv_highgui.2.3.1.dylib */; };
		1929013A1456557100CB101A /* libopencv_imgproc.2.3.1.dylib in Frameworks */ = {isa = PBXBuildFile; fileRef = 1929012D1456557100CB101A /* libopencv_imgproc.2.3.1.dylib */; };
		1929013B1456557100CB101A /* libopencv_legacy.2.3.1.dylib in Frameworks */ = {isa = PBXBuildFile; fileRef = 1929012E1456557100CB101A /* libopencv_legacy.2.3.1.dylib */; };
		1929013C1456557100CB101A /* libopencv_ml.2.3.1.dylib in Frameworks */ = {isa = PBXBuildFile; fileRef = 1929012F1456557100CB101A /* libopencv_ml.2.3.1.dylib */; };
		1929013D1456557100CB101A /* libopencv_objdetect.2.3.1.dylib in Frameworks */ = {isa = PBXBuildFile; fileRef = 192901301456557100CB101A /* libopencv_objdetect.2.3.1.dylib */; };
		1929013E1456557100CB101A /* libopencv_ts.2.3.1.dylib in Frameworks */ = {isa = PBXBuildFile; fileRef = 192901311456557100CB101A /* libopencv_ts.2.3.1.dylib */; };
		1929013F1456557100CB101A /* libopencv_video.2.3.1.dylib in Frameworks */ = {isa = PBXBuildFile; fileRef = 192901321456557100CB101A /* libopencv_video.2.3.1.dylib */; };
		198E6AEF1465DD1F00C81D3E /* FaceDetect.cpp in Sources */ = {isa = PBXBuildFile; fileRef = 198E6AEE1465DD1F00C81D3E /* FaceDetect.cpp */; };
		198E6AF21465E43200C81D3E /* GetDirectoryFiles.cpp in Sources */ = {isa = PBXBuildFile; fileRef = 198E6AF11465E43200C81D3E /* GetDirectoryFiles.cpp */; };
		198E6AF41465F01600C81D3E /* FaceRec.cpp in Sources */ = {isa = PBXBuildFile; fileRef = 198E6AF31465F01600C81D3E /* FaceRec.cpp */; };
		198E6AF61465F98400C81D3E /* PreProcess.cpp in Sources */ = {isa = PBXBuildFile; fileRef = 198E6AF51465F98400C81D3E /* PreProcess.cpp */; };
		397633CC146753E500CB085B /* main.cpp in Sources */ = {isa = PBXBuildFile; fileRef = 397633CB146753E500CB085B /* main.cpp */; };
/* End PBXBuildFile section */

/* Begin PBXCopyFilesBuildPhase section */
		19290116145654CB00CB101A /* CopyFiles */ = {
			isa = PBXCopyFilesBuildPhase;
			buildActionMask = 2147483647;
			dstPath = /usr/share/man/man1/;
			dstSubfolderSpec = 0;
			files = (
				1929011F145654CB00CB101A /* OpenCVTestApp.1 in CopyFiles */,
			);
			runOnlyForDeploymentPostprocessing = 1;
		};
/* End PBXCopyFilesBuildPhase section */

/* Begin PBXFileReference section */
		19290118145654CB00CB101A /* OpenCVTestApp */ = {isa = PBXFileReference; explicitFileType = "compiled.mach-o.executable"; includeInIndex = 0; path = OpenCVTestApp; sourceTree = BUILT_PRODUCTS_DIR; };
		1929011E145654CB00CB101A /* OpenCVTestApp.1 */ = {isa = PBXFileReference; lastKnownFileType = text.man; path = OpenCVTestApp.1; sourceTree = "<group>"; };
		192901261456557100CB101A /* libopencv_calib3d.2.3.1.dylib */ = {isa = PBXFileReference; lastKnownFileType = "compiled.mach-o.dylib"; name = libopencv_calib3d.2.3.1.dylib; path = ../../../../../../usr/local/lib/libopencv_calib3d.2.3.1.dylib; sourceTree = "<group>"; };
		192901271456557100CB101A /* libopencv_contrib.2.3.1.dylib */ = {isa = PBXFileReference; lastKnownFileType = "compiled.mach-o.dylib"; name = libopencv_contrib.2.3.1.dylib; path = ../../../../../../usr/local/lib/libopencv_contrib.2.3.1.dylib; sourceTree = "<group>"; };
		192901281456557100CB101A /* libopencv_core.2.3.1.dylib */ = {isa = PBXFileReference; lastKnownFileType = "compiled.mach-o.dylib"; name = libopencv_core.2.3.1.dylib; path = ../../../../../../usr/local/lib/libopencv_core.2.3.1.dylib; sourceTree = "<group>"; };
		192901291456557100CB101A /* libopencv_features2d.2.3.1.dylib */ = {isa = PBXFileReference; lastKnownFileType = "compiled.mach-o.dylib"; name = libopencv_features2d.2.3.1.dylib; path = ../../../../../../usr/local/lib/libopencv_features2d.2.3.1.dylib; sourceTree = "<group>"; };
		1929012A1456557100CB101A /* libopencv_flann.2.3.1.dylib */ = {isa = PBXFileReference; lastKnownFileType = "compiled.mach-o.dylib"; name = libopencv_flann.2.3.1.dylib; path = ../../../../../../usr/local/lib/libopencv_flann.2.3.1.dylib; sourceTree = "<group>"; };
		1929012B1456557100CB101A /* libopencv_gpu.2.3.1.dylib */ = {isa = PBXFileReference; lastKnownFileType = "compiled.mach-o.dylib"; name = libopencv_gpu.2.3.1.dylib; path = ../../../../../../usr/local/lib/libopencv_gpu.2.3.1.dylib; sourceTree = "<group>"; };
		1929012C1456557100CB101A /* libopencv_highgui.2.3.1.dylib */ = {isa = PBXFileReference; lastKnownFileType = "compiled.mach-o.dylib"; name = libopencv_highgui.2.3.1.dylib; path = ../../../../../../usr/local/lib/libopencv_highgui.2.3.1.dylib; sourceTree = "<group>"; };
		1929012D1456557100CB101A /* libopencv_imgproc.2.3.1.dylib */ = {isa = PBXFileReference; lastKnownFileType = "compiled.mach-o.dylib"; name = libopencv_imgproc.2.3.1.dylib; path = ../../../../../../usr/local/lib/libopencv_imgproc.2.3.1.dylib; sourceTree = "<group>"; };
		1929012E1456557100CB101A /* libopencv_legacy.2.3.1.dylib */ = {isa = PBXFileReference; lastKnownFileType = "compiled.mach-o.dylib"; name = libopencv_legacy.2.3.1.dylib; path = ../../../../../../usr/local/lib/libopencv_legacy.2.3.1.dylib; sourceTree = "<group>"; };
		1929012F1456557100CB101A /* libopencv_ml.2.3.1.dylib */ = {isa = PBXFileReference; lastKnownFileType = "compiled.mach-o.dylib"; name = libopencv_ml.2.3.1.dylib; path = ../../../../../../usr/local/lib/libopencv_ml.2.3.1.dylib; sourceTree = "<group>"; };
		192901301456557100CB101A /* libopencv_objdetect.2.3.1.dylib */ = {isa = PBXFileReference; lastKnownFileType = "compiled.mach-o.dylib"; name = libopencv_objdetect.2.3.1.dylib; path = ../../../../../../usr/local/lib/libopencv_objdetect.2.3.1.dylib; sourceTree = "<group>"; };
		192901311456557100CB101A /* libopencv_ts.2.3.1.dylib */ = {isa = PBXFileReference; lastKnownFileType = "compiled.mach-o.dylib"; name = libopencv_ts.2.3.1.dylib; path = ../../../../../../usr/local/lib/libopencv_ts.2.3.1.dylib; sourceTree = "<group>"; };
		192901321456557100CB101A /* libopencv_video.2.3.1.dylib */ = {isa = PBXFileReference; lastKnownFileType = "compiled.mach-o.dylib"; name = libopencv_video.2.3.1.dylib; path = ../../../../../../usr/local/lib/libopencv_video.2.3.1.dylib; sourceTree = "<group>"; };
		193F747B1460C50D000F96C3 /* FaceDetect.h */ = {isa = PBXFileReference; fileEncoding = 4; lastKnownFileType = sourcecode.c.h; path = FaceDetect.h; sourceTree = "<group>"; xcLanguageSpecificationIdentifier = xcode.lang.cpp; };
		193F747D1460CF9C000F96C3 /* GetDirectoryFiles.h */ = {isa = PBXFileReference; fileEncoding = 4; lastKnownFileType = sourcecode.c.h; path = GetDirectoryFiles.h; sourceTree = "<group>"; };
		198E6AEE1465DD1F00C81D3E /* FaceDetect.cpp */ = {isa = PBXFileReference; fileEncoding = 4; lastKnownFileType = sourcecode.cpp.cpp; path = FaceDetect.cpp; sourceTree = "<group>"; };
		198E6AF11465E43200C81D3E /* GetDirectoryFiles.cpp */ = {isa = PBXFileReference; fileEncoding = 4; lastKnownFileType = sourcecode.cpp.cpp; path = GetDirectoryFiles.cpp; sourceTree = "<group>"; };
		198E6AF31465F01600C81D3E /* FaceRec.cpp */ = {isa = PBXFileReference; fileEncoding = 4; lastKnownFileType = sourcecode.cpp.cpp; path = FaceRec.cpp; sourceTree = "<group>"; };
		198E6AF51465F98400C81D3E /* PreProcess.cpp */ = {isa = PBXFileReference; fileEncoding = 4; lastKnownFileType = sourcecode.cpp.cpp; path = PreProcess.cpp; sourceTree = "<group>"; };
		19D5ACCC145C7FEA001CF1D2 /* PreProcess.h */ = {isa = PBXFileReference; fileEncoding = 4; lastKnownFileType = sourcecode.c.h; path = PreProcess.h; sourceTree = "<group>"; };
		19D5ACD8145DDB09001CF1D2 /* FaceRec.h */ = {isa = PBXFileReference; fileEncoding = 4; lastKnownFileType = sourcecode.c.h; path = FaceRec.h; sourceTree = "<group>"; };
		397633CB146753E500CB085B /* main.cpp */ = {isa = PBXFileReference; fileEncoding = 4; lastKnownFileType = sourcecode.cpp.cpp; path = main.cpp; sourceTree = "<group>"; };
/* End PBXFileReference section */

/* Begin PBXFrameworksBuildPhase section */
		19290115145654CB00CB101A /* Frameworks */ = {
			isa = PBXFrameworksBuildPhase;
			buildActionMask = 2147483647;
			files = (
				192901331456557100CB101A /* libopencv_calib3d.2.3.1.dylib in Frameworks */,
				192901341456557100CB101A /* libopencv_contrib.2.3.1.dylib in Frameworks */,
				192901351456557100CB101A /* libopencv_core.2.3.1.dylib in Frameworks */,
				192901361456557100CB101A /* libopencv_features2d.2.3.1.dylib in Frameworks */,
				192901371456557100CB101A /* libopencv_flann.2.3.1.dylib in Frameworks */,
				192901381456557100CB101A /* libopencv_gpu.2.3.1.dylib in Frameworks */,
				192901391456557100CB101A /* libopencv_highgui.2.3.1.dylib in Frameworks */,
				1929013A1456557100CB101A /* libopencv_imgproc.2.3.1.dylib in Frameworks */,
				1929013B1456557100CB101A /* libopencv_legacy.2.3.1.dylib in Frameworks */,
				1929013C1456557100CB101A /* libopencv_ml.2.3.1.dylib in Frameworks */,
				1929013D1456557100CB101A /* libopencv_objdetect.2.3.1.dylib in Frameworks */,
				1929013E1456557100CB101A /* libopencv_ts.2.3.1.dylib in Frameworks */,
				1929013F1456557100CB101A /* libopencv_video.2.3.1.dylib in Frameworks */,
			);
			runOnlyForDeploymentPostprocessing = 0;
		};
/* End PBXFrameworksBuildPhase section */

/* Begin PBXGroup section */
		1929010D145654CA00CB101A = {
			isa = PBXGroup;
			children = (
				1929011B145654CB00CB101A /* OpenCVTestApp */,
				19290119145654CB00CB101A /* Products */,
			);
			sourceTree = "<group>";
		};
		19290119145654CB00CB101A /* Products */ = {
			isa = PBXGroup;
			children = (
				19290118145654CB00CB101A /* OpenCVTestApp */,
			);
			name = Products;
			sourceTree = "<group>";
		};
		1929011B145654CB00CB101A /* OpenCVTestApp */ = {
			isa = PBXGroup;
			children = (
				192901251456553A00CB101A /* OpenCV Framework */,
				397633CB146753E500CB085B /* main.cpp */,
				193F747B1460C50D000F96C3 /* FaceDetect.h */,
				198E6AEE1465DD1F00C81D3E /* FaceDetect.cpp */,
				193F747D1460CF9C000F96C3 /* GetDirectoryFiles.h */,
				198E6AF11465E43200C81D3E /* GetDirectoryFiles.cpp */,
				19D5ACD8145DDB09001CF1D2 /* FaceRec.h */,
				198E6AF31465F01600C81D3E /* FaceRec.cpp */,
				19D5ACCC145C7FEA001CF1D2 /* PreProcess.h */,
				198E6AF51465F98400C81D3E /* PreProcess.cpp */,
				1929011E145654CB00CB101A /* OpenCVTestApp.1 */,
			);
			path = OpenCVTestApp;
			sourceTree = "<group>";
		};
		192901251456553A00CB101A /* OpenCV Framework */ = {
			isa = PBXGroup;
			children = (
				192901261456557100CB101A /* libopencv_calib3d.2.3.1.dylib */,
				192901271456557100CB101A /* libopencv_contrib.2.3.1.dylib */,
				192901281456557100CB101A /* libopencv_core.2.3.1.dylib */,
				192901291456557100CB101A /* libopencv_features2d.2.3.1.dylib */,
				1929012A1456557100CB101A /* libopencv_flann.2.3.1.dylib */,
				1929012B1456557100CB101A /* libopencv_gpu.2.3.1.dylib */,
				1929012C1456557100CB101A /* libopencv_highgui.2.3.1.dylib */,
				1929012D1456557100CB101A /* libopencv_imgproc.2.3.1.dylib */,
				1929012E1456557100CB101A /* libopencv_legacy.2.3.1.dylib */,
				1929012F1456557100CB101A /* libopencv_ml.2.3.1.dylib */,
				192901301456557100CB101A /* libopencv_objdetect.2.3.1.dylib */,
				192901311456557100CB101A /* libopencv_ts.2.3.1.dylib */,
				192901321456557100CB101A /* libopencv_video.2.3.1.dylib */,
			);
			name = "OpenCV Framework";
			sourceTree = "<group>";
		};
/* End PBXGroup section */

/* Begin PBXNativeTarget section */
		19290117145654CB00CB101A /* OpenCVTestApp */ = {
			isa = PBXNativeTarget;
			buildConfigurationList = 19290122145654CB00CB101A /* Build configuration list for PBXNativeTarget "OpenCVTestApp" */;
			buildPhases = (
				19290114145654CB00CB101A /* Sources */,
				19290115145654CB00CB101A /* Frameworks */,
				19290116145654CB00CB101A /* CopyFiles */,
			);
			buildRules = (
			);
			dependencies = (
			);
			name = OpenCVTestApp;
			productName = OpenCVTestApp;
			productReference = 19290118145654CB00CB101A /* OpenCVTestApp */;
			productType = "com.apple.product-type.tool";
		};
/* End PBXNativeTarget section */

/* Begin PBXProject section */
		1929010F145654CA00CB101A /* Project object */ = {
			isa = PBXProject;
			attributes = {
				LastUpgradeCheck = 0420;
			};
			buildConfigurationList = 19290112145654CA00CB101A /* Build configuration list for PBXProject "OpenCVTestApp" */;
			compatibilityVersion = "Xcode 3.2";
			developmentRegion = English;
			hasScannedForEncodings = 0;
			knownRegions = (
				en,
			);
			mainGroup = 1929010D145654CA00CB101A;
			productRefGroup = 19290119145654CB00CB101A /* Products */;
			projectDirPath = "";
			projectRoot = "";
			targets = (
				19290117145654CB00CB101A /* OpenCVTestApp */,
			);
		};
/* End PBXProject section */

/* Begin PBXSourcesBuildPhase section */
		19290114145654CB00CB101A /* Sources */ = {
			isa = PBXSourcesBuildPhase;
			buildActionMask = 2147483647;
			files = (
				198E6AEF1465DD1F00C81D3E /* FaceDetect.cpp in Sources */,
				198E6AF21465E43200C81D3E /* GetDirectoryFiles.cpp in Sources */,
				198E6AF41465F01600C81D3E /* FaceRec.cpp in Sources */,
				198E6AF61465F98400C81D3E /* PreProcess.cpp in Sources */,
				397633CC146753E500CB085B /* main.cpp in Sources */,
			);
			runOnlyForDeploymentPostprocessing = 0;
		};
/* End PBXSourcesBuildPhase section */

/* Begin XCBuildConfiguration section */
		19290120145654CB00CB101A /* Debug */ = {
			isa = XCBuildConfiguration;
			buildSettings = {
				ALWAYS_SEARCH_USER_PATHS = NO;
				ARCHS = "$(ARCHS_STANDARD_64_BIT)";
				CLANG_ENABLE_OBJC_ARC = YES;
				COPY_PHASE_STRIP = NO;
				GCC_C_LANGUAGE_STANDARD = gnu99;
				GCC_DYNAMIC_NO_PIC = NO;
				GCC_ENABLE_OBJC_EXCEPTIONS = YES;
				GCC_OPTIMIZATION_LEVEL = 0;
				GCC_PREPROCESSOR_DEFINITIONS = (
					"DEBUG=1",
					"$(inherited)",
				);
				GCC_SYMBOLS_PRIVATE_EXTERN = NO;
				GCC_VERSION = com.apple.compilers.llvmgcc42;
				GCC_WARN_64_TO_32_BIT_CONVERSION = YES;
				GCC_WARN_ABOUT_MISSING_PROTOTYPES = YES;
				GCC_WARN_ABOUT_RETURN_TYPE = YES;
				GCC_WARN_UNUSED_VARIABLE = YES;
				HEADER_SEARCH_PATHS = (
					/opt/local/include/boost,
					/usr/local/include,
				);
				MACOSX_DEPLOYMENT_TARGET = 10.7;
				ONLY_ACTIVE_ARCH = YES;
				SDKROOT = macosx;
			};
			name = Debug;
		};
		19290121145654CB00CB101A /* Release */ = {
			isa = XCBuildConfiguration;
			buildSettings = {
				ALWAYS_SEARCH_USER_PATHS = NO;
				ARCHS = "$(ARCHS_STANDARD_64_BIT)";
				CLANG_ENABLE_OBJC_ARC = YES;
				COPY_PHASE_STRIP = YES;
				DEBUG_INFORMATION_FORMAT = "dwarf-with-dsym";
				GCC_C_LANGUAGE_STANDARD = gnu99;
				GCC_ENABLE_OBJC_EXCEPTIONS = YES;
				GCC_VERSION = com.apple.compilers.llvmgcc42;
				GCC_WARN_64_TO_32_BIT_CONVERSION = YES;
				GCC_WARN_ABOUT_MISSING_PROTOTYPES = YES;
				GCC_WARN_ABOUT_RETURN_TYPE = YES;
				GCC_WARN_UNUSED_VARIABLE = YES;
				HEADER_SEARCH_PATHS = (
					/opt/local/include/boost,
					/usr/local/include,
				);
				MACOSX_DEPLOYMENT_TARGET = 10.7;
				SDKROOT = macosx;
			};
			name = Release;
		};
		19290123145654CB00CB101A /* Debug */ = {
			isa = XCBuildConfiguration;
			buildSettings = {
				PRODUCT_NAME = "$(TARGET_NAME)";
			};
			name = Debug;
		};
		19290124145654CB00CB101A /* Release */ = {
			isa = XCBuildConfiguration;
			buildSettings = {
				PRODUCT_NAME = "$(TARGET_NAME)";
			};
			name = Release;
		};
/* End XCBuildConfiguration section */

/* Begin XCConfigurationList section */
		19290112145654CA00CB101A /* Build configuration list for PBXProject "OpenCVTestApp" */ = {
			isa = XCConfigurationList;
			buildConfigurations = (
				19290120145654CB00CB101A /* Debug */,
				19290121145654CB00CB101A /* Release */,
			);
			defaultConfigurationIsVisible = 0;
			defaultConfigurationName = Release;
		};
		19290122145654CB00CB101A /* Build configuration list for PBXNativeTarget "OpenCVTestApp" */ = {
			isa = XCConfigurationList;
			buildConfigurations = (
				19290123145654CB00CB101A /* Debug */,
				19290124145654CB00CB101A /* Release */,
			);
			defaultConfigurationIsVisible = 0;
			defaultConfigurationName = Release;
		};
/* End XCConfigurationList section */
	};
	rootObject = 1929010F145654CA00CB101A /* Project object */;
}
